
Microsoft Visual Studio Solution File, Format Version 12.00
# Visual Studio Version 16
VisualStudioVersion = 16.0.30225.117
MinimumVisualStudioVersion = 10.0.40219.1
Project("{FAE04EC0-301F-11D3-BF4B-00C04F79EFBC}") = "Am_Lich", "Am_Lich\Am_Lich.csproj", "{BADE84C9-07EB-41AF-8534-58A0CAA44726}"
EndProject
Global
	GlobalSection(SolutionConfigurationPlatforms) = preSolution
		Debug|Any CPU = Debug|Any CPU
		Release|Any CPU = Release|Any CPU
	EndGlobalSection
	GlobalSection(ProjectConfigurationPlatforms) = postSolution
		{BADE84C9-07EB-41AF-8534-58A0CAA44726}.Debug|Any CPU.ActiveCfg = Debug|Any CPU
		{BADE84C9-07EB-41AF-8534-58A0CAA44726}.Debug|Any CPU.Build.0 = Debug|Any CPU
		{BADE84C9-07EB-41AF-8534-58A0CAA44726}.Release|Any CPU.ActiveCfg = Release|Any CPU
		{BADE84C9-07EB-41AF-8534-58A0CAA44726}.Release|Any CPU.Build.0 = Release|Any CPU
	EndGlobalSection
	GlobalSection(SolutionProperties) = preSolution
		HideSolutionNode = FALSE
	EndGlobalSection
	GlobalSection(ExtensibilityGlobals) = postSolution
		SolutionGuid = {7BDDC71B-80B6-4189-BF53-FB8E2FF46393}
	EndGlobalSection
EndGlobal
